// !$*UTF8*$!
{
	archiveVersion = 1;
	classes = {
	};
	objectVersion = 50;
	objects = {

/* Begin PBXBuildFile section */
		14CB364423570E1D00D8BB7C /* AppDelegate.swift in Sources */ = {isa = PBXBuildFile; fileRef = 14CB364323570E1D00D8BB7C /* AppDelegate.swift */; };
		14CB364623570E1D00D8BB7C /* SceneDelegate.swift in Sources */ = {isa = PBXBuildFile; fileRef = 14CB364523570E1D00D8BB7C /* SceneDelegate.swift */; };
		14CB364823570E1D00D8BB7C /* ViewController.swift in Sources */ = {isa = PBXBuildFile; fileRef = 14CB364723570E1D00D8BB7C /* ViewController.swift */; };
		14CB364B23570E1D00D8BB7C /* Main.storyboard in Resources */ = {isa = PBXBuildFile; fileRef = 14CB364923570E1D00D8BB7C /* Main.storyboard */; };
		14CB364D23570E1F00D8BB7C /* Assets.xcassets in Resources */ = {isa = PBXBuildFile; fileRef = 14CB364C23570E1F00D8BB7C /* Assets.xcassets */; };
		14CB365023570E1F00D8BB7C /* LaunchScreen.storyboard in Resources */ = {isa = PBXBuildFile; fileRef = 14CB364E23570E1F00D8BB7C /* LaunchScreen.storyboard */; };
/* End PBXBuildFile section */

/* Begin PBXFileReference section */
		14CB364023570E1D00D8BB7C /* testTechTock.app */ = {isa = PBXFileReference; explicitFileType = wrapper.application; includeInIndex = 0; path = testTechTock.app; sourceTree = BUILT_PRODUCTS_DIR; };
		14CB364323570E1D00D8BB7C /* AppDelegate.swift */ = {isa = PBXFileReference; lastKnownFileType = sourcecode.swift; path = AppDelegate.swift; sourceTree = "<group>"; };
		14CB364523570E1D00D8BB7C /* SceneDelegate.swift */ = {isa = PBXFileReference; lastKnownFileType = sourcecode.swift; path = SceneDelegate.swift; sourceTree = "<group>"; };
		14CB364723570E1D00D8BB7C /* ViewController.swift */ = {isa = PBXFileReference; lastKnownFileType = sourcecode.swift; path = ViewController.swift; sourceTree = "<group>"; };
		14CB364A23570E1D00D8BB7C /* Base */ = {isa = PBXFileReference; lastKnownFileType = file.storyboard; name = Base; path = Base.lproj/Main.storyboard; sourceTree = "<group>"; };
		14CB364C23570E1F00D8BB7C /* Assets.xcassets */ = {isa = PBXFileReference; lastKnownFileType = folder.assetcatalog; path = Assets.xcassets; sourceTree = "<group>"; };
		14CB364F23570E1F00D8BB7C /* Base */ = {isa = PBXFileReference; lastKnownFileType = file.storyboard; name = Base; path = Base.lproj/LaunchScreen.storyboard; sourceTree = "<group>"; };
		14CB365123570E1F00D8BB7C /* Info.plist */ = {isa = PBXFileReference; lastKnownFileType = text.plist.xml; path = Info.plist; sourceTree = "<group>"; };
/* End PBXFileReference section */

/* Begin PBXFrameworksBuildPhase section */
		14CB363D23570E1D00D8BB7C /* Frameworks */ = {
			isa = PBXFrameworksBuildPhase;
			buildActionMask = 2147483647;
			files = (
			);
			runOnlyForDeploymentPostprocessing = 0;
		};
/* End PBXFrameworksBuildPhase section */

/* Begin PBXGroup section */
		14CB363723570E1D00D8BB7C = {
			isa = PBXGroup;
			children = (
				14CB364223570E1D00D8BB7C /* testTechTock */,
				14CB364123570E1D00D8BB7C /* Products */,
			);
			sourceTree = "<group>";
		};
		14CB364123570E1D00D8BB7C /* Products */ = {
			isa = PBXGroup;
			children = (
				14CB364023570E1D00D8BB7C /* testTechTock.app */,
			);
			name = Products;
			sourceTree = "<group>";
		};
		14CB364223570E1D00D8BB7C /* testTechTock */ = {
			isa = PBXGroup;
			children = (
				14CB364323570E1D00D8BB7C /* AppDelegate.swift */,
				14CB364523570E1D00D8BB7C /* SceneDelegate.swift */,
				14CB364723570E1D00D8BB7C /* ViewController.swift */,
				14CB364923570E1D00D8BB7C /* Main.storyboard */,
				14CB364C23570E1F00D8BB7C /* Assets.xcassets */,
				14CB364E23570E1F00D8BB7C /* LaunchScreen.storyboard */,
				14CB365123570E1F00D8BB7C /* Info.plist */,
			);
			path = testTechTock;
			sourceTree = "<group>";
		};
/* End PBXGroup section */

/* Begin PBXNativeTarget section */
		14CB363F23570E1D00D8BB7C /* testTechTock */ = {
			isa = PBXNativeTarget;
			buildConfigurationList = 14CB365423570E1F00D8BB7C /* Build configuration list for PBXNativeTarget "testTechTock" */;
			buildPhases = (
				14CB363C23570E1D00D8BB7C /* Sources */,
				14CB363D23570E1D00D8BB7C /* Frameworks */,
				14CB363E23570E1D00D8BB7C /* Resources */,
			);
			buildRules = (
			);
			dependencies = (
			);
			name = testTechTock;
			productName = testTechTock;
			productReference = 14CB364023570E1D00D8BB7C /* testTechTock.app */;
			productType = "com.apple.product-type.application";
		};
/* End PBXNativeTarget section */

/* Begin PBXProject section */
		14CB363823570E1D00D8BB7C /* Project object */ = {
			isa = PBXProject;
			attributes = {
				LastSwiftUpdateCheck = 1110;
				LastUpgradeCheck = 1110;
				ORGANIZATIONNAME = jp.Antony;
				TargetAttributes = {
					14CB363F23570E1D00D8BB7C = {
						CreatedOnToolsVersion = 11.1;
					};
				};
			};
			buildConfigurationList = 14CB363B23570E1D00D8BB7C /* Build configuration list for PBXProject "testTechTock" */;
			compatibilityVersion = "Xcode 9.3";
			developmentRegion = en;
			hasScannedForEncodings = 0;
			knownRegions = (
				en,
				Base,
			);
			mainGroup = 14CB363723570E1D00D8BB7C;
			productRefGroup = 14CB364123570E1D00D8BB7C /* Products */;
			projectDirPath = "";
			projectRoot = "";
			targets = (
				14CB363F23570E1D00D8BB7C /* testTechTock */,
			);
		};
/* End PBXProject section */

/* Begin PBXResourcesBuildPhase section */
		14CB363E23570E1D00D8BB7C /* Resources */ = {
			isa = PBXResourcesBuildPhase;
			buildActionMask = 2147483647;
			files = (
				14CB365023570E1F00D8BB7C /* LaunchScreen.storyboard in Resources */,
				14CB364D23570E1F00D8BB7C /* Assets.xcassets in Resources */,
				14CB364B23570E1D00D8BB7C /* Main.storyboard in Resources */,
			);
			runOnlyForDeploymentPostprocessing = 0;
		};
/* End PBXResourcesBuildPhase section */

/* Begin PBXSourcesBuildPhase section */
		14CB363C23570E1D00D8BB7C /* Sources */ = {
			isa = PBXSourcesBuildPhase;
			buildActionMask = 2147483647;
			files = (
				14CB364823570E1D00D8BB7C /* ViewController.swift in Sources */,
				14CB364423570E1D00D8BB7C /* AppDelegate.swift in Sources */,
				14CB364623570E1D00D8BB7C /* SceneDelegate.swift in Sources */,
			);
			runOnlyForDeploymentPostprocessing = 0;
		};
/* End PBXSourcesBuildPhase section */

/* Begin PBXVariantGroup section */
		14CB364923570E1D00D8BB7C /* Main.storyboard */ = {
			isa = PBXVariantGroup;
			children = (
				14CB364A23570E1D00D8BB7C /* Base */,
			);
			name = Main.storyboard;
			sourceTree = "<group>";
		};
		14CB364E23570E1F00D8BB7C /* LaunchScreen.storyboard */ = {
			isa = PBXVariantGroup;
			children = (
				14CB364F23570E1F00D8BB7C /* Base */,
			);
			name = LaunchScreen.storyboard;
			sourceTree = "<group>";
		};
/* End PBXVariantGroup section */

/* Begin XCBuildConfiguration section */
		14CB365223570E1F00D8BB7C /* Debug */ = {
			isa = XCBuildConfiguration;
			buildSettings = {
				ALWAYS_SEARCH_USER_PATHS = NO;
				CLANG_ANALYZER_NONNULL = YES;
				CLANG_ANALYZER_NUMBER_OBJECT_CONVERSION = YES_AGGRESSIVE;
				CLANG_CXX_LANGUAGE_STANDARD = "gnu++14";
				CLANG_CXX_LIBRARY = "libc++";
				CLANG_ENABLE_MODULES = YES;
				CLANG_ENABLE_OBJC_ARC = YES;
				CLANG_ENABLE_OBJC_WEAK = YES;
				CLANG_WARN_BLOCK_CAPTURE_AUTORELEASING = YES;
				CLANG_WARN_BOOL_CONVERSION = YES;
				CLANG_WARN_COMMA = YES;
				CLANG_WARN_CONSTANT_CONVERSION = YES;
				CLANG_WARN_DEPRECATED_OBJC_IMPLEMENTATIONS = YES;
				CLANG_WARN_DIRECT_OBJC_ISA_USAGE = YES_ERROR;
				CLANG_WARN_DOCUMENTATION_COMMENTS = YES;
				CLANG_WARN_EMPTY_BODY = YES;
				CLANG_WARN_ENUM_CONVERSION = YES;
				CLANG_WARN_INFINITE_RECURSION = YES;
				CLANG_WARN_INT_CONVERSION = YES;
				CLANG_WARN_NON_LITERAL_NULL_CONVERSION = YES;
				CLANG_WARN_OBJC_IMPLICIT_RETAIN_SELF = YES;
				CLANG_WARN_OBJC_LITERAL_CONVERSION = YES;
				CLANG_WARN_OBJC_ROOT_CLASS = YES_ERROR;
				CLANG_WARN_RANGE_LOOP_ANALYSIS = YES;
				CLANG_WARN_STRICT_PROTOTYPES = YES;
				CLANG_WARN_SUSPICIOUS_MOVE = YES;
				CLANG_WARN_UNGUARDED_AVAILABILITY = YES_AGGRESSIVE;
				CLANG_WARN_UNREACHABLE_CODE = YES;
				CLANG_WARN__DUPLICATE_METHOD_MATCH = YES;
				COPY_PHASE_STRIP = NO;
				DEBUG_INFORMATION_FORMAT = dwarf;
				ENABLE_STRICT_OBJC_MSGSEND = YES;
				ENABLE_TESTABILITY = YES;
				GCC_C_LANGUAGE_STANDARD = gnu11;
				GCC_DYNAMIC_NO_PIC = NO;
				GCC_NO_COMMON_BLOCKS = YES;
				GCC_OPTIMIZATION_LEVEL = 0;
				GCC_PREPROCESSOR_DEFINITIONS = (
					"DEBUG=1",
					"$(inherited)",
				);
				GCC_WARN_64_TO_32_BIT_CONVERSION = YES;
				GCC_WARN_ABOUT_RETURN_TYPE = YES_ERROR;
				GCC_WARN_UNDECLARED_SELECTOR = YES;
				GCC_WARN_UNINITIALIZED_AUTOS = YES_AGGRESSIVE;
				GCC_WARN_UNUSED_FUNCTION = YES;
				GCC_WARN_UNUSED_VARIABLE = YES;
				IPHONEOS_DEPLOYMENT_TARGET = 13.1;
				MTL_ENABLE_DEBUG_INFO = INCLUDE_SOURCE;
				MTL_FAST_MATH = YES;
				ONLY_ACTIVE_ARCH = YES;
				SDKROOT = iphoneos;
				SWIFT_ACTIVE_COMPILATION_CONDITIONS = DEBUG;
				SWIFT_OPTIMIZATION_LEVEL = "-Onone";
			};
			name = Debug;
		};
		14CB365323570E1F00D8BB7C /* Release */ = {
			isa = XCBuildConfiguration;
			buildSettings = {
				ALWAYS_SEARCH_USER_PATHS = NO;
				CLANG_ANALYZER_NONNULL = YES;
				CLANG_ANALYZER_NUMBER_OBJECT_CONVERSION = YES_AGGRESSIVE;
				CLANG_CXX_LANGUAGE_STANDARD = "gnu++14";
				CLANG_CXX_LIBRARY = "libc++";
				CLANG_ENABLE_MODULES = YES;
				CLANG_ENABLE_OBJC_ARC = YES;
				CLANG_ENABLE_OBJC_WEAK = YES;
				CLANG_WARN_BLOCK_CAPTURE_AUTORELEASING = YES;
				CLANG_WARN_BOOL_CONVERSION = YES;
				CLANG_WARN_COMMA = YES;
				CLANG_WARN_CONSTANT_CONVERSION = YES;
				CLANG_WARN_DEPRECATED_OBJC_IMPLEMENTATIONS = YES;
				CLANG_WARN_DIRECT_OBJC_ISA_USAGE = YES_ERROR;
				CLANG_WARN_DOCUMENTATION_COMMENTS = YES;
				CLANG_WARN_EMPTY_BODY = YES;
				CLANG_WARN_ENUM_CONVERSION = YES;
				CLANG_WARN_INFINITE_RECURSION = YES;
				CLANG_WARN_INT_CONVERSION = YES;
				CLANG_WARN_NON_LITERAL_NULL_CONVERSION = YES;
				CLANG_WARN_OBJC_IMPLICIT_RETAIN_SELF = YES;
				CLANG_WARN_OBJC_LITERAL_CONVERSION = YES;
				CLANG_WARN_OBJC_ROOT_CLASS = YES_ERROR;
				CLANG_WARN_RANGE_LOOP_ANALYSIS = YES;
				CLANG_WARN_STRICT_PROTOTYPES = YES;
				CLANG_WARN_SUSPICIOUS_MOVE = YES;
				CLANG_WARN_UNGUARDED_AVAILABILITY = YES_AGGRESSIVE;
				CLANG_WARN_UNREACHABLE_CODE = YES;
				CLANG_WARN__DUPLICATE_METHOD_MATCH = YES;
				COPY_PHASE_STRIP = NO;
				DEBUG_INFORMATION_FORMAT = "dwarf-with-dsym";
				ENABLE_NS_ASSERTIONS = NO;
				ENABLE_STRICT_OBJC_MSGSEND = YES;
				GCC_C_LANGUAGE_STANDARD = gnu11;
				GCC_NO_COMMON_BLOCKS = YES;
				GCC_WARN_64_TO_32_BIT_CONVERSION = YES;
				GCC_WARN_ABOUT_RETURN_TYPE = YES_ERROR;
				GCC_WARN_UNDECLARED_SELECTOR = YES;
				GCC_WARN_UNINITIALIZED_AUTOS = YES_AGGRESSIVE;
				GCC_WARN_UNUSED_FUNCTION = YES;
				GCC_WARN_UNUSED_VARIABLE = YES;
				IPHONEOS_DEPLOYMENT_TARGET = 13.1;
				MTL_ENABLE_DEBUG_INFO = NO;
				MTL_FAST_MATH = YES;
				SDKROOT = iphoneos;
				SWIFT_COMPILATION_MODE = wholemodule;
				SWIFT_OPTIMIZATION_LEVEL = "-O";
				VALIDATE_PRODUCT = YES;
			};
			name = Release;
		};
		14CB365523570E1F00D8BB7C /* Debug */ = {
			isa = XCBuildConfiguration;
			buildSettings = {
				ASSETCATALOG_COMPILER_APPICON_NAME = AppIcon;
				CODE_SIGN_STYLE = Automatic;
				DEVELOPMENT_TEAM = WD8VB9S8R7;
				INFOPLIST_FILE = testTechTock/Info.plist;
				LD_RUNPATH_SEARCH_PATHS = (
					"$(inherited)",
					"@executable_path/Frameworks",
				);
				PRODUCT_BUNDLE_IDENTIFIER = YoshitsuguKambara.testTechTock;
				PRODUCT_NAME = "$(TARGET_NAME)";
				SWIFT_VERSION = 5.0;
				TARGETED_DEVICE_FAMILY = "1,2";
			};
			name = Debug;
		};
		14CB365623570E1F00D8BB7C /* Release */ = {
			isa = XCBuildConfiguration;
			buildSettings = {
				ASSETCATALOG_COMPILER_APPICON_NAME = AppIcon;
				CODE_SIGN_STYLE = Automatic;
				DEVELOPMENT_TEAM = WD8VB9S8R7;
				INFOPLIST_FILE = testTechTock/Info.plist;
				LD_RUNPATH_SEARCH_PATHS = (
					"$(inherited)",
					"@executable_path/Frameworks",
				);
				PRODUCT_BUNDLE_IDENTIFIER = YoshitsuguKambara.testTechTock;
				PRODUCT_NAME = "$(TARGET_NAME)";
				SWIFT_VERSION = 5.0;
				TARGETED_DEVICE_FAMILY = "1,2";
			};
			name = Release;
		};
/* End XCBuildConfiguration section */

/* Begin XCConfigurationList section */
		14CB363B23570E1D00D8BB7C /* Build configuration list for PBXProject "testTechTock" */ = {
			isa = XCConfigurationList;
			buildConfigurations = (
				14CB365223570E1F00D8BB7C /* Debug */,
				14CB365323570E1F00D8BB7C /* Release */,
			);
			defaultConfigurationIsVisible = 0;
			defaultConfigurationName = Release;
		};
		14CB365423570E1F00D8BB7C /* Build configuration list for PBXNativeTarget "testTechTock" */ = {
			isa = XCConfigurationList;
			buildConfigurations = (
				14CB365523570E1F00D8BB7C /* Debug */,
				14CB365623570E1F00D8BB7C /* Release */,
			);
			defaultConfigurationIsVisible = 0;
			defaultConfigurationName = Release;
		};
/* End XCConfigurationList section */
	};
	rootObject = 14CB363823570E1D00D8BB7C /* Project object */;
}
